github.com/seccomp/libseccomp-golang v0.9.1 h1:NJjM5DNFOs0s3kYE1WUOr6G8V97sdt46rlXTMfXGWBo=
github.com/seccomp/libseccomp-golang v0.9.1/go.mod h1:GbW5+tmTXfcxTToHLXlScSlAvWlF4P2Ca7zGrPiEpWo=
golang.org/x/sys v0.0.0-20190804053845-51ab0e2deafa h1:KIDDMLT1O0Nr7TSxp8xM5tJcdn8tgyAONntO829og1M=
golang.org/x/sys v0.0.0-20190804053845-51ab0e2deafa/go.mod h1:h1NjWce9XRLGQEsW7wpKNCjG9DtNlClVuFLEZdDNbEs=
